
Microsoft Visual Studio Solution File, Format Version 12.00
# Visual Studio Version 16
VisualStudioVersion = 16.0.28803.202
MinimumVisualStudioVersion = 10.0.40219.1
Project("{FAE04EC0-301F-11D3-BF4B-00C04F79EFBC}") = "APO", "APO\APO.csproj", "{A7711378-9D45-4679-8503-2A1133064D94}"
EndProject
Global
	GlobalSection(SolutionConfigurationPlatforms) = preSolution
		Debug|Any CPU = Debug|Any CPU
		Release|Any CPU = Release|Any CPU
	EndGlobalSection
	GlobalSection(ProjectConfigurationPlatforms) = postSolution
		{A7711378-9D45-4679-8503-2A1133064D94}.Debug|Any CPU.ActiveCfg = Debug|Any CPU
		{A7711378-9D45-4679-8503-2A1133064D94}.Debug|Any CPU.Build.0 = Debug|Any CPU
		{A7711378-9D45-4679-8503-2A1133064D94}.Release|Any CPU.ActiveCfg = Release|Any CPU
		{A7711378-9D45-4679-8503-2A1133064D94}.Release|Any CPU.Build.0 = Release|Any CPU
	EndGlobalSection
	GlobalSection(SolutionProperties) = preSolution
		HideSolutionNode = FALSE
	EndGlobalSection
	GlobalSection(ExtensibilityGlobals) = postSolution
		SolutionGuid = {C1F4000A-B92F-45CE-AE1D-60C1ACB13225}
	EndGlobalSection
EndGlobal
